
Microsoft Visual Studio Solution File, Format Version 12.00
# Visual Studio Version 17
VisualStudioVersion = 17.3.32901.215
MinimumVisualStudioVersion = 10.0.40219.1
Project("{9A19103F-16F7-4668-BE54-9A1E7A4F7556}") = "WebApplication2", "WebApplication2\WebApplication2.csproj", "{72FA97FA-021B-429D-9FBF-CB3FDA792281}"
EndProject
Project("{9A19103F-16F7-4668-BE54-9A1E7A4F7556}") = "DL", "DL\DL.csproj", "{7C016EDE-9EC6-42D8-AA17-ADF33F00612D}"
EndProject
Project("{9A19103F-16F7-4668-BE54-9A1E7A4F7556}") = "BL", "BL\BL.csproj", "{F9F983E8-A981-4D02-803F-6D7BE4A7CB7F}"
EndProject
Project("{FAE04EC0-301F-11D3-BF4B-00C04F79EFBC}") = "testController", "testController\testController.csproj", "{3E3176B2-660B-40C4-BA63-53ACAAC0B4C6}"
EndProject
Global
	GlobalSection(SolutionConfigurationPlatforms) = preSolution
		Debug|Any CPU = Debug|Any CPU
		Release|Any CPU = Release|Any CPU
	EndGlobalSection
	GlobalSection(ProjectConfigurationPlatforms) = postSolution
		{72FA97FA-021B-429D-9FBF-CB3FDA792281}.Debug|Any CPU.ActiveCfg = Debug|Any CPU
		{72FA97FA-021B-429D-9FBF-CB3FDA792281}.Debug|Any CPU.Build.0 = Debug|Any CPU
		{72FA97FA-021B-429D-9FBF-CB3FDA792281}.Release|Any CPU.ActiveCfg = Release|Any CPU
		{72FA97FA-021B-429D-9FBF-CB3FDA792281}.Release|Any CPU.Build.0 = Release|Any CPU
		{7C016EDE-9EC6-42D8-AA17-ADF33F00612D}.Debug|Any CPU.ActiveCfg = Debug|Any CPU
		{7C016EDE-9EC6-42D8-AA17-ADF33F00612D}.Debug|Any CPU.Build.0 = Debug|Any CPU
		{7C016EDE-9EC6-42D8-AA17-ADF33F00612D}.Release|Any CPU.ActiveCfg = Release|Any CPU
		{7C016EDE-9EC6-42D8-AA17-ADF33F00612D}.Release|Any CPU.Build.0 = Release|Any CPU
		{F9F983E8-A981-4D02-803F-6D7BE4A7CB7F}.Debug|Any CPU.ActiveCfg = Debug|Any CPU
		{F9F983E8-A981-4D02-803F-6D7BE4A7CB7F}.Debug|Any CPU.Build.0 = Debug|Any CPU
		{F9F983E8-A981-4D02-803F-6D7BE4A7CB7F}.Release|Any CPU.ActiveCfg = Release|Any CPU
		{F9F983E8-A981-4D02-803F-6D7BE4A7CB7F}.Release|Any CPU.Build.0 = Release|Any CPU
		{3E3176B2-660B-40C4-BA63-53ACAAC0B4C6}.Debug|Any CPU.ActiveCfg = Debug|Any CPU
		{3E3176B2-660B-40C4-BA63-53ACAAC0B4C6}.Debug|Any CPU.Build.0 = Debug|Any CPU
		{3E3176B2-660B-40C4-BA63-53ACAAC0B4C6}.Release|Any CPU.ActiveCfg = Release|Any CPU
		{3E3176B2-660B-40C4-BA63-53ACAAC0B4C6}.Release|Any CPU.Build.0 = Release|Any CPU
	EndGlobalSection
	GlobalSection(SolutionProperties) = preSolution
		HideSolutionNode = FALSE
	EndGlobalSection
	GlobalSection(ExtensibilityGlobals) = postSolution
		SolutionGuid = {134C3673-F970-4DF1-A8AE-E76B4C82AE9E}
	EndGlobalSection
EndGlobal
